
Microsoft Visual Studio Solution File, Format Version 12.00
# Visual Studio Version 17
VisualStudioVersion = 17.1.32228.430
MinimumVisualStudioVersion = 10.0.40219.1
Project("{FAE04EC0-301F-11D3-BF4B-00C04F79EFBC}") = "E-commerce-API", "E-commerce-API.csproj", "{52320E04-0E9A-4873-843A-69F5F66F1254}"
EndProject
Global
	GlobalSection(SolutionConfigurationPlatforms) = preSolution
		Debug|Any CPU = Debug|Any CPU
		Release|Any CPU = Release|Any CPU
	EndGlobalSection
	GlobalSection(ProjectConfigurationPlatforms) = postSolution
		{52320E04-0E9A-4873-843A-69F5F66F1254}.Debug|Any CPU.ActiveCfg = Debug|Any CPU
		{52320E04-0E9A-4873-843A-69F5F66F1254}.Debug|Any CPU.Build.0 = Debug|Any CPU
		{52320E04-0E9A-4873-843A-69F5F66F1254}.Release|Any CPU.ActiveCfg = Release|Any CPU
		{52320E04-0E9A-4873-843A-69F5F66F1254}.Release|Any CPU.Build.0 = Release|Any CPU
	EndGlobalSection
	GlobalSection(SolutionProperties) = preSolution
		HideSolutionNode = FALSE
	EndGlobalSection
	GlobalSection(ExtensibilityGlobals) = postSolution
		SolutionGuid = {8B3AC675-7AE1-4118-87AF-8A64BF45D8C2}
	EndGlobalSection
EndGlobal
